
Microsoft Visual Studio Solution File, Format Version 12.00
# Visual Studio 15
VisualStudioVersion = 15.0.27703.2026
MinimumVisualStudioVersion = 10.0.40219.1
Project("{FAE04EC0-301F-11D3-BF4B-00C04F79EFBC}") = "FlextCamera.Android", "FlextCamera\FlextCamera.Android\FlextCamera.Android.csproj", "{4BA1E05A-EE2A-4834-A4C4-7F8BCA68E832}"
EndProject
Project("{FAE04EC0-301F-11D3-BF4B-00C04F79EFBC}") = "FlextCamera.iOS", "FlextCamera\FlextCamera.iOS\FlextCamera.iOS.csproj", "{12323EF1-C058-48FE-BD78-34F6879715C3}"
EndProject
Project("{FAE04EC0-301F-11D3-BF4B-00C04F79EFBC}") = "FlextCamera.UWP", "FlextCamera\FlextCamera.UWP\FlextCamera.UWP.csproj", "{D5D8BBD8-205D-496E-A9BD-A31F8B51F000}"
EndProject
Project("{D954291E-2A0B-460D-934E-DC6B0785DB48}") = "FlextCamera", "FlextCamera\FlextCamera\FlextCamera.shproj", "{D07E48CA-D2A4-4194-A29C-13AC209FFB92}"
EndProject
Global
	GlobalSection(SharedMSBuildProjectFiles) = preSolution
		FlextCamera\FlextCamera\FlextCamera.projitems*{12323ef1-c058-48fe-bd78-34f6879715c3}*SharedItemsImports = 4
		FlextCamera\FlextCamera\FlextCamera.projitems*{4ba1e05a-ee2a-4834-a4c4-7f8bca68e832}*SharedItemsImports = 4
		FlextCamera\FlextCamera\FlextCamera.projitems*{d07e48ca-d2a4-4194-a29c-13ac209ffb92}*SharedItemsImports = 13
		FlextCamera\FlextCamera\FlextCamera.projitems*{d5d8bbd8-205d-496e-a9bd-a31f8b51f000}*SharedItemsImports = 4
	EndGlobalSection
	GlobalSection(SolutionConfigurationPlatforms) = preSolution
		Ad-Hoc|Any CPU = Ad-Hoc|Any CPU
		Ad-Hoc|ARM = Ad-Hoc|ARM
		Ad-Hoc|iPhone = Ad-Hoc|iPhone
		Ad-Hoc|iPhoneSimulator = Ad-Hoc|iPhoneSimulator
		Ad-Hoc|x64 = Ad-Hoc|x64
		Ad-Hoc|x86 = Ad-Hoc|x86
		AppStore|Any CPU = AppStore|Any CPU
		AppStore|ARM = AppStore|ARM
		AppStore|iPhone = AppStore|iPhone
		AppStore|iPhoneSimulator = AppStore|iPhoneSimulator
		AppStore|x64 = AppStore|x64
		AppStore|x86 = AppStore|x86
		Debug|Any CPU = Debug|Any CPU
		Debug|ARM = Debug|ARM
		Debug|iPhone = Debug|iPhone
		Debug|iPhoneSimulator = Debug|iPhoneSimulator
		Debug|x64 = Debug|x64
		Debug|x86 = Debug|x86
		Release|Any CPU = Release|Any CPU
		Release|ARM = Release|ARM
		Release|iPhone = Release|iPhone
		Release|iPhoneSimulator = Release|iPhoneSimulator
		Release|x64 = Release|x64
		Release|x86 = Release|x86
	EndGlobalSection
	GlobalSection(ProjectConfigurationPlatforms) = postSolution
		{4BA1E05A-EE2A-4834-A4C4-7F8BCA68E832}.Ad-Hoc|Any CPU.ActiveCfg = Release|Any CPU
		{4BA1E05A-EE2A-4834-A4C4-7F8BCA68E832}.Ad-Hoc|Any CPU.Build.0 = Release|Any CPU
		{4BA1E05A-EE2A-4834-A4C4-7F8BCA68E832}.Ad-Hoc|Any CPU.Deploy.0 = Release|Any CPU
		{4BA1E05A-EE2A-4834-A4C4-7F8BCA68E832}.Ad-Hoc|ARM.ActiveCfg = Release|Any CPU
		{4BA1E05A-EE2A-4834-A4C4-7F8BCA68E832}.Ad-Hoc|ARM.Build.0 = Release|Any CPU
		{4BA1E05A-EE2A-4834-A4C4-7F8BCA68E832}.Ad-Hoc|ARM.Deploy.0 = Release|Any CPU
		{4BA1E05A-EE2A-4834-A4C4-7F8BCA68E832}.Ad-Hoc|iPhone.ActiveCfg = Release|Any CPU
		{4BA1E05A-EE2A-4834-A4C4-7F8BCA68E832}.Ad-Hoc|iPhone.Build.0 = Release|Any CPU
		{4BA1E05A-EE2A-4834-A4C4-7F8BCA68E832}.Ad-Hoc|iPhone.Deploy.0 = Release|Any CPU
		{4BA1E05A-EE2A-4834-A4C4-7F8BCA68E832}.Ad-Hoc|iPhoneSimulator.ActiveCfg = Release|Any CPU
		{4BA1E05A-EE2A-4834-A4C4-7F8BCA68E832}.Ad-Hoc|iPhoneSimulator.Build.0 = Release|Any CPU
		{4BA1E05A-EE2A-4834-A4C4-7F8BCA68E832}.Ad-Hoc|iPhoneSimulator.Deploy.0 = Release|Any CPU
		{4BA1E05A-EE2A-4834-A4C4-7F8BCA68E832}.Ad-Hoc|x64.ActiveCfg = Release|Any CPU
		{4BA1E05A-EE2A-4834-A4C4-7F8BCA68E832}.Ad-Hoc|x64.Build.0 = Release|Any CPU
		{4BA1E05A-EE2A-4834-A4C4-7F8BCA68E832}.Ad-Hoc|x64.Deploy.0 = Release|Any CPU
		{4BA1E05A-EE2A-4834-A4C4-7F8BCA68E832}.Ad-Hoc|x86.ActiveCfg = Release|Any CPU
		{4BA1E05A-EE2A-4834-A4C4-7F8BCA68E832}.Ad-Hoc|x86.Build.0 = Release|Any CPU
		{4BA1E05A-EE2A-4834-A4C4-7F8BCA68E832}.Ad-Hoc|x86.Deploy.0 = Release|Any CPU
		{4BA1E05A-EE2A-4834-A4C4-7F8BCA68E832}.AppStore|Any CPU.ActiveCfg = Release|Any CPU
		{4BA1E05A-EE2A-4834-A4C4-7F8BCA68E832}.AppStore|Any CPU.Build.0 = Release|Any CPU
		{4BA1E05A-EE2A-4834-A4C4-7F8BCA68E832}.AppStore|Any CPU.Deploy.0 = Release|Any CPU
		{4BA1E05A-EE2A-4834-A4C4-7F8BCA68E832}.AppStore|ARM.ActiveCfg = Release|Any CPU
		{4BA1E05A-EE2A-4834-A4C4-7F8BCA68E832}.AppStore|ARM.Build.0 = Release|Any CPU
		{4BA1E05A-EE2A-4834-A4C4-7F8BCA68E832}.AppStore|ARM.Deploy.0 = Release|Any CPU
		{4BA1E05A-EE2A-4834-A4C4-7F8BCA68E832}.AppStore|iPhone.ActiveCfg = Release|Any CPU
		{4BA1E05A-EE2A-4834-A4C4-7F8BCA68E832}.AppStore|iPhone.Build.0 = Release|Any CPU
		{4BA1E05A-EE2A-4834-A4C4-7F8BCA68E832}.AppStore|iPhone.Deploy.0 = Release|Any CPU
		{4BA1E05A-EE2A-4834-A4C4-7F8BCA68E832}.AppStore|iPhoneSimulator.ActiveCfg = Release|Any CPU
		{4BA1E05A-EE2A-4834-A4C4-7F8BCA68E832}.AppStore|iPhoneSimulator.Build.0 = Release|Any CPU
		{4BA1E05A-EE2A-4834-A4C4-7F8BCA68E832}.AppStore|iPhoneSimulator.Deploy.0 = Release|Any CPU
		{4BA1E05A-EE2A-4834-A4C4-7F8BCA68E832}.AppStore|x64.ActiveCfg = Release|Any CPU
		{4BA1E05A-EE2A-4834-A4C4-7F8BCA68E832}.AppStore|x64.Build.0 = Release|Any CPU
		{4BA1E05A-EE2A-4834-A4C4-7F8BCA68E832}.AppStore|x64.Deploy.0 = Release|Any CPU
		{4BA1E05A-EE2A-4834-A4C4-7F8BCA68E832}.AppStore|x86.ActiveCfg = Release|Any CPU
		{4BA1E05A-EE2A-4834-A4C4-7F8BCA68E832}.AppStore|x86.Build.0 = Release|Any CPU
		{4BA1E05A-EE2A-4834-A4C4-7F8BCA68E832}.AppStore|x86.Deploy.0 = Release|Any CPU
		{4BA1E05A-EE2A-4834-A4C4-7F8BCA68E832}.Debug|Any CPU.ActiveCfg = Debug|Any CPU
		{4BA1E05A-EE2A-4834-A4C4-7F8BCA68E832}.Debug|Any CPU.Build.0 = Debug|Any CPU
		{4BA1E05A-EE2A-4834-A4C4-7F8BCA68E832}.Debug|Any CPU.Deploy.0 = Debug|Any CPU
		{4BA1E05A-EE2A-4834-A4C4-7F8BCA68E832}.Debug|ARM.ActiveCfg = Debug|Any CPU
		{4BA1E05A-EE2A-4834-A4C4-7F8BCA68E832}.Debug|ARM.Build.0 = Debug|Any CPU
		{4BA1E05A-EE2A-4834-A4C4-7F8BCA68E832}.Debug|ARM.Deploy.0 = Debug|Any CPU
		{4BA1E05A-EE2A-4834-A4C4-7F8BCA68E832}.Debug|iPhone.ActiveCfg = Debug|Any CPU
		{4BA1E05A-EE2A-4834-A4C4-7F8BCA68E832}.Debug|iPhone.Build.0 = Debug|Any CPU
		{4BA1E05A-EE2A-4834-A4C4-7F8BCA68E832}.Debug|iPhone.Deploy.0 = Debug|Any CPU
		{4BA1E05A-EE2A-4834-A4C4-7F8BCA68E832}.Debug|iPhoneSimulator.ActiveCfg = Debug|Any CPU
		{4BA1E05A-EE2A-4834-A4C4-7F8BCA68E832}.Debug|iPhoneSimulator.Build.0 = Debug|Any CPU
		{4BA1E05A-EE2A-4834-A4C4-7F8BCA68E832}.Debug|iPhoneSimulator.Deploy.0 = Debug|Any CPU
		{4BA1E05A-EE2A-4834-A4C4-7F8BCA68E832}.Debug|x64.ActiveCfg = Debug|Any CPU
		{4BA1E05A-EE2A-4834-A4C4-7F8BCA68E832}.Debug|x64.Build.0 = Debug|Any CPU
		{4BA1E05A-EE2A-4834-A4C4-7F8BCA68E832}.Debug|x64.Deploy.0 = Debug|Any CPU
		{4BA1E05A-EE2A-4834-A4C4-7F8BCA68E832}.Debug|x86.ActiveCfg = Debug|Any CPU
		{4BA1E05A-EE2A-4834-A4C4-7F8BCA68E832}.Debug|x86.Build.0 = Debug|Any CPU
		{4BA1E05A-EE2A-4834-A4C4-7F8BCA68E832}.Debug|x86.Deploy.0 = Debug|Any CPU
		{4BA1E05A-EE2A-4834-A4C4-7F8BCA68E832}.Release|Any CPU.ActiveCfg = Release|Any CPU
		{4BA1E05A-EE2A-4834-A4C4-7F8BCA68E832}.Release|Any CPU.Build.0 = Release|Any CPU
		{4BA1E05A-EE2A-4834-A4C4-7F8BCA68E832}.Release|Any CPU.Deploy.0 = Release|Any CPU
		{4BA1E05A-EE2A-4834-A4C4-7F8BCA68E832}.Release|ARM.ActiveCfg = Release|Any CPU
		{4BA1E05A-EE2A-4834-A4C4-7F8BCA68E832}.Release|ARM.Build.0 = Release|Any CPU
		{4BA1E05A-EE2A-4834-A4C4-7F8BCA68E832}.Release|ARM.Deploy.0 = Release|Any CPU
		{4BA1E05A-EE2A-4834-A4C4-7F8BCA68E832}.Release|iPhone.ActiveCfg = Release|Any CPU
		{4BA1E05A-EE2A-4834-A4C4-7F8BCA68E832}.Release|iPhone.Build.0 = Release|Any CPU
		{4BA1E05A-EE2A-4834-A4C4-7F8BCA68E832}.Release|iPhone.Deploy.0 = Release|Any CPU
		{4BA1E05A-EE2A-4834-A4C4-7F8BCA68E832}.Release|iPhoneSimulator.ActiveCfg = Release|Any CPU
		{4BA1E05A-EE2A-4834-A4C4-7F8BCA68E832}.Release|iPhoneSimulator.Build.0 = Release|Any CPU
		{4BA1E05A-EE2A-4834-A4C4-7F8BCA68E832}.Release|iPhoneSimulator.Deploy.0 = Release|Any CPU
		{4BA1E05A-EE2A-4834-A4C4-7F8BCA68E832}.Release|x64.ActiveCfg = Release|Any CPU
		{4BA1E05A-EE2A-4834-A4C4-7F8BCA68E832}.Release|x64.Build.0 = Release|Any CPU
		{4BA1E05A-EE2A-4834-A4C4-7F8BCA68E832}.Release|x64.Deploy.0 = Release|Any CPU
		{4BA1E05A-EE2A-4834-A4C4-7F8BCA68E832}.Release|x86.ActiveCfg = Release|Any CPU
		{4BA1E05A-EE2A-4834-A4C4-7F8BCA68E832}.Release|x86.Build.0 = Release|Any CPU
		{4BA1E05A-EE2A-4834-A4C4-7F8BCA68E832}.Release|x86.Deploy.0 = Release|Any CPU
		{12323EF1-C058-48FE-BD78-34F6879715C3}.Ad-Hoc|Any CPU.ActiveCfg = Ad-Hoc|iPhone
		{12323EF1-C058-48FE-BD78-34F6879715C3}.Ad-Hoc|Any CPU.Build.0 = Ad-Hoc|iPhone
		{12323EF1-C058-48FE-BD78-34F6879715C3}.Ad-Hoc|Any CPU.Deploy.0 = Ad-Hoc|iPhone
		{12323EF1-C058-48FE-BD78-34F6879715C3}.Ad-Hoc|ARM.ActiveCfg = Ad-Hoc|iPhone
		{12323EF1-C058-48FE-BD78-34F6879715C3}.Ad-Hoc|ARM.Build.0 = Ad-Hoc|iPhone
		{12323EF1-C058-48FE-BD78-34F6879715C3}.Ad-Hoc|ARM.Deploy.0 = Ad-Hoc|iPhone
		{12323EF1-C058-48FE-BD78-34F6879715C3}.Ad-Hoc|iPhone.ActiveCfg = Ad-Hoc|iPhone
		{12323EF1-C058-48FE-BD78-34F6879715C3}.Ad-Hoc|iPhone.Build.0 = Ad-Hoc|iPhone
		{12323EF1-C058-48FE-BD78-34F6879715C3}.Ad-Hoc|iPhone.Deploy.0 = Ad-Hoc|iPhone
		{12323EF1-C058-48FE-BD78-34F6879715C3}.Ad-Hoc|iPhoneSimulator.ActiveCfg = Ad-Hoc|iPhoneSimulator
		{12323EF1-C058-48FE-BD78-34F6879715C3}.Ad-Hoc|iPhoneSimulator.Build.0 = Ad-Hoc|iPhoneSimulator
		{12323EF1-C058-48FE-BD78-34F6879715C3}.Ad-Hoc|iPhoneSimulator.Deploy.0 = Ad-Hoc|iPhoneSimulator
		{12323EF1-C058-48FE-BD78-34F6879715C3}.Ad-Hoc|x64.ActiveCfg = Ad-Hoc|iPhone
		{12323EF1-C058-48FE-BD78-34F6879715C3}.Ad-Hoc|x64.Build.0 = Ad-Hoc|iPhone
		{12323EF1-C058-48FE-BD78-34F6879715C3}.Ad-Hoc|x64.Deploy.0 = Ad-Hoc|iPhone
		{12323EF1-C058-48FE-BD78-34F6879715C3}.Ad-Hoc|x86.ActiveCfg = Ad-Hoc|iPhone
		{12323EF1-C058-48FE-BD78-34F6879715C3}.Ad-Hoc|x86.Build.0 = Ad-Hoc|iPhone
		{12323EF1-C058-48FE-BD78-34F6879715C3}.Ad-Hoc|x86.Deploy.0 = Ad-Hoc|iPhone
		{12323EF1-C058-48FE-BD78-34F6879715C3}.AppStore|Any CPU.ActiveCfg = AppStore|iPhone
		{12323EF1-C058-48FE-BD78-34F6879715C3}.AppStore|Any CPU.Build.0 = AppStore|iPhone
		{12323EF1-C058-48FE-BD78-34F6879715C3}.AppStore|Any CPU.Deploy.0 = AppStore|iPhone
		{12323EF1-C058-48FE-BD78-34F6879715C3}.AppStore|ARM.ActiveCfg = AppStore|iPhone
		{12323EF1-C058-48FE-BD78-34F6879715C3}.AppStore|ARM.Build.0 = AppStore|iPhone
		{12323EF1-C058-48FE-BD78-34F6879715C3}.AppStore|ARM.Deploy.0 = AppStore|iPhone
		{12323EF1-C058-48FE-BD78-34F6879715C3}.AppStore|iPhone.ActiveCfg = AppStore|iPhone
		{12323EF1-C058-48FE-BD78-34F6879715C3}.AppStore|iPhone.Build.0 = AppStore|iPhone
		{12323EF1-C058-48FE-BD78-34F6879715C3}.AppStore|iPhone.Deploy.0 = AppStore|iPhone
		{12323EF1-C058-48FE-BD78-34F6879715C3}.AppStore|iPhoneSimulator.ActiveCfg = AppStore|iPhoneSimulator
		{12323EF1-C058-48FE-BD78-34F6879715C3}.AppStore|iPhoneSimulator.Build.0 = AppStore|iPhoneSimulator
		{12323EF1-C058-48FE-BD78-34F6879715C3}.AppStore|iPhoneSimulator.Deploy.0 = AppStore|iPhoneSimulator
		{12323EF1-C058-48FE-BD78-34F6879715C3}.AppStore|x64.ActiveCfg = AppStore|iPhone
		{12323EF1-C058-48FE-BD78-34F6879715C3}.AppStore|x64.Build.0 = AppStore|iPhone
		{12323EF1-C058-48FE-BD78-34F6879715C3}.AppStore|x64.Deploy.0 = AppStore|iPhone
		{12323EF1-C058-48FE-BD78-34F6879715C3}.AppStore|x86.ActiveCfg = AppStore|iPhone
		{12323EF1-C058-48FE-BD78-34F6879715C3}.AppStore|x86.Build.0 = AppStore|iPhone
		{12323EF1-C058-48FE-BD78-34F6879715C3}.AppStore|x86.Deploy.0 = AppStore|iPhone
		{12323EF1-C058-48FE-BD78-34F6879715C3}.Debug|Any CPU.ActiveCfg = Debug|iPhoneSimulator
		{12323EF1-C058-48FE-BD78-34F6879715C3}.Debug|Any CPU.Build.0 = Debug|iPhoneSimulator
		{12323EF1-C058-48FE-BD78-34F6879715C3}.Debug|Any CPU.Deploy.0 = Debug|iPhoneSimulator
		{12323EF1-C058-48FE-BD78-34F6879715C3}.Debug|ARM.ActiveCfg = Debug|iPhone
		{12323EF1-C058-48FE-BD78-34F6879715C3}.Debug|ARM.Build.0 = Debug|iPhone
		{12323EF1-C058-48FE-BD78-34F6879715C3}.Debug|ARM.Deploy.0 = Debug|iPhone
		{12323EF1-C058-48FE-BD78-34F6879715C3}.Debug|iPhone.ActiveCfg = Debug|iPhone
		{12323EF1-C058-48FE-BD78-34F6879715C3}.Debug|iPhone.Build.0 = Debug|iPhone
		{12323EF1-C058-48FE-BD78-34F6879715C3}.Debug|iPhone.Deploy.0 = Debug|iPhone
		{12323EF1-C058-48FE-BD78-34F6879715C3}.Debug|iPhoneSimulator.ActiveCfg = Debug|iPhoneSimulator
		{12323EF1-C058-48FE-BD78-34F6879715C3}.Debug|iPhoneSimulator.Build.0 = Debug|iPhoneSimulator
		{12323EF1-C058-48FE-BD78-34F6879715C3}.Debug|iPhoneSimulator.Deploy.0 = Debug|iPhoneSimulator
		{12323EF1-C058-48FE-BD78-34F6879715C3}.Debug|x64.ActiveCfg = Debug|iPhone
		{12323EF1-C058-48FE-BD78-34F6879715C3}.Debug|x64.Build.0 = Debug|iPhone
		{12323EF1-C058-48FE-BD78-34F6879715C3}.Debug|x64.Deploy.0 = Debug|iPhone
		{12323EF1-C058-48FE-BD78-34F6879715C3}.Debug|x86.ActiveCfg = Debug|iPhone
		{12323EF1-C058-48FE-BD78-34F6879715C3}.Debug|x86.Build.0 = Debug|iPhone
		{12323EF1-C058-48FE-BD78-34F6879715C3}.Debug|x86.Deploy.0 = Debug|iPhone
		{12323EF1-C058-48FE-BD78-34F6879715C3}.Release|Any CPU.ActiveCfg = Release|iPhone
		{12323EF1-C058-48FE-BD78-34F6879715C3}.Release|Any CPU.Build.0 = Release|iPhone
		{12323EF1-C058-48FE-BD78-34F6879715C3}.Release|Any CPU.Deploy.0 = Release|iPhone
		{12323EF1-C058-48FE-BD78-34F6879715C3}.Release|ARM.ActiveCfg = Release|iPhone
		{12323EF1-C058-48FE-BD78-34F6879715C3}.Release|ARM.Build.0 = Release|iPhone
		{12323EF1-C058-48FE-BD78-34F6879715C3}.Release|ARM.Deploy.0 = Release|iPhone
		{12323EF1-C058-48FE-BD78-34F6879715C3}.Release|iPhone.ActiveCfg = Release|iPhone
		{12323EF1-C058-48FE-BD78-34F6879715C3}.Release|iPhone.Build.0 = Release|iPhone
		{12323EF1-C058-48FE-BD78-34F6879715C3}.Release|iPhone.Deploy.0 = Release|iPhone
		{12323EF1-C058-48FE-BD78-34F6879715C3}.Release|iPhoneSimulator.ActiveCfg = Release|iPhoneSimulator
		{12323EF1-C058-48FE-BD78-34F6879715C3}.Release|iPhoneSimulator.Build.0 = Release|iPhoneSimulator
		{12323EF1-C058-48FE-BD78-34F6879715C3}.Release|iPhoneSimulator.Deploy.0 = Release|iPhoneSimulator
		{12323EF1-C058-48FE-BD78-34F6879715C3}.Release|x64.ActiveCfg = Release|iPhone
		{12323EF1-C058-48FE-BD78-34F6879715C3}.Release|x64.Build.0 = Release|iPhone
		{12323EF1-C058-48FE-BD78-34F6879715C3}.Release|x64.Deploy.0 = Release|iPhone
		{12323EF1-C058-48FE-BD78-34F6879715C3}.Release|x86.ActiveCfg = Release|iPhone
		{12323EF1-C058-48FE-BD78-34F6879715C3}.Release|x86.Build.0 = Release|iPhone
		{12323EF1-C058-48FE-BD78-34F6879715C3}.Release|x86.Deploy.0 = Release|iPhone
		{D5D8BBD8-205D-496E-A9BD-A31F8B51F000}.Ad-Hoc|Any CPU.ActiveCfg = Release|x86
		{D5D8BBD8-205D-496E-A9BD-A31F8B51F000}.Ad-Hoc|Any CPU.Build.0 = Release|x86
		{D5D8BBD8-205D-496E-A9BD-A31F8B51F000}.Ad-Hoc|Any CPU.Deploy.0 = Release|x86
		{D5D8BBD8-205D-496E-A9BD-A31F8B51F000}.Ad-Hoc|ARM.ActiveCfg = Release|ARM
		{D5D8BBD8-205D-496E-A9BD-A31F8B51F000}.Ad-Hoc|ARM.Build.0 = Release|ARM
		{D5D8BBD8-205D-496E-A9BD-A31F8B51F000}.Ad-Hoc|ARM.Deploy.0 = Release|ARM
		{D5D8BBD8-205D-496E-A9BD-A31F8B51F000}.Ad-Hoc|iPhone.ActiveCfg = Release|x86
		{D5D8BBD8-205D-496E-A9BD-A31F8B51F000}.Ad-Hoc|iPhone.Build.0 = Release|x86
		{D5D8BBD8-205D-496E-A9BD-A31F8B51F000}.Ad-Hoc|iPhone.Deploy.0 = Release|x86
		{D5D8BBD8-205D-496E-A9BD-A31F8B51F000}.Ad-Hoc|iPhoneSimulator.ActiveCfg = Release|x86
		{D5D8BBD8-205D-496E-A9BD-A31F8B51F000}.Ad-Hoc|iPhoneSimulator.Build.0 = Release|x86
		{D5D8BBD8-205D-496E-A9BD-A31F8B51F000}.Ad-Hoc|iPhoneSimulator.Deploy.0 = Release|x86
		{D5D8BBD8-205D-496E-A9BD-A31F8B51F000}.Ad-Hoc|x64.ActiveCfg = Release|x64
		{D5D8BBD8-205D-496E-A9BD-A31F8B51F000}.Ad-Hoc|x64.Build.0 = Release|x64
		{D5D8BBD8-205D-496E-A9BD-A31F8B51F000}.Ad-Hoc|x64.Deploy.0 = Release|x64
		{D5D8BBD8-205D-496E-A9BD-A31F8B51F000}.Ad-Hoc|x86.ActiveCfg = Release|x86
		{D5D8BBD8-205D-496E-A9BD-A31F8B51F000}.Ad-Hoc|x86.Build.0 = Release|x86
		{D5D8BBD8-205D-496E-A9BD-A31F8B51F000}.Ad-Hoc|x86.Deploy.0 = Release|x86
		{D5D8BBD8-205D-496E-A9BD-A31F8B51F000}.AppStore|Any CPU.ActiveCfg = Release|x86
		{D5D8BBD8-205D-496E-A9BD-A31F8B51F000}.AppStore|Any CPU.Build.0 = Release|x86
		{D5D8BBD8-205D-496E-A9BD-A31F8B51F000}.AppStore|Any CPU.Deploy.0 = Release|x86
		{D5D8BBD8-205D-496E-A9BD-A31F8B51F000}.AppStore|ARM.ActiveCfg = Release|ARM
		{D5D8BBD8-205D-496E-A9BD-A31F8B51F000}.AppStore|ARM.Build.0 = Release|ARM
		{D5D8BBD8-205D-496E-A9BD-A31F8B51F000}.AppStore|ARM.Deploy.0 = Release|ARM
		{D5D8BBD8-205D-496E-A9BD-A31F8B51F000}.AppStore|iPhone.ActiveCfg = Release|x86
		{D5D8BBD8-205D-496E-A9BD-A31F8B51F000}.AppStore|iPhone.Build.0 = Release|x86
		{D5D8BBD8-205D-496E-A9BD-A31F8B51F000}.AppStore|iPhone.Deploy.0 = Release|x86
		{D5D8BBD8-205D-496E-A9BD-A31F8B51F000}.AppStore|iPhoneSimulator.ActiveCfg = Release|x86
		{D5D8BBD8-205D-496E-A9BD-A31F8B51F000}.AppStore|iPhoneSimulator.Build.0 = Release|x86
		{D5D8BBD8-205D-496E-A9BD-A31F8B51F000}.AppStore|iPhoneSimulator.Deploy.0 = Release|x86
		{D5D8BBD8-205D-496E-A9BD-A31F8B51F000}.AppStore|x64.ActiveCfg = Release|x64
		{D5D8BBD8-205D-496E-A9BD-A31F8B51F000}.AppStore|x64.Build.0 = Release|x64
		{D5D8BBD8-205D-496E-A9BD-A31F8B51F000}.AppStore|x64.Deploy.0 = Release|x64
		{D5D8BBD8-205D-496E-A9BD-A31F8B51F000}.AppStore|x86.ActiveCfg = Release|x86
		{D5D8BBD8-205D-496E-A9BD-A31F8B51F000}.AppStore|x86.Build.0 = Release|x86
		{D5D8BBD8-205D-496E-A9BD-A31F8B51F000}.AppStore|x86.Deploy.0 = Release|x86
		{D5D8BBD8-205D-496E-A9BD-A31F8B51F000}.Debug|Any CPU.ActiveCfg = Debug|x86
		{D5D8BBD8-205D-496E-A9BD-A31F8B51F000}.Debug|Any CPU.Build.0 = Debug|x86
		{D5D8BBD8-205D-496E-A9BD-A31F8B51F000}.Debug|Any CPU.Deploy.0 = Debug|x86
		{D5D8BBD8-205D-496E-A9BD-A31F8B51F000}.Debug|ARM.ActiveCfg = Debug|ARM
		{D5D8BBD8-205D-496E-A9BD-A31F8B51F000}.Debug|ARM.Build.0 = Debug|ARM
		{D5D8BBD8-205D-496E-A9BD-A31F8B51F000}.Debug|ARM.Deploy.0 = Debug|ARM
		{D5D8BBD8-205D-496E-A9BD-A31F8B51F000}.Debug|iPhone.ActiveCfg = Debug|x86
		{D5D8BBD8-205D-496E-A9BD-A31F8B51F000}.Debug|iPhone.Build.0 = Debug|x86
		{D5D8BBD8-205D-496E-A9BD-A31F8B51F000}.Debug|iPhone.Deploy.0 = Debug|x86
		{D5D8BBD8-205D-496E-A9BD-A31F8B51F000}.Debug|iPhoneSimulator.ActiveCfg = Debug|x86
		{D5D8BBD8-205D-496E-A9BD-A31F8B51F000}.Debug|iPhoneSimulator.Build.0 = Debug|x86
		{D5D8BBD8-205D-496E-A9BD-A31F8B51F000}.Debug|iPhoneSimulator.Deploy.0 = Debug|x86
		{D5D8BBD8-205D-496E-A9BD-A31F8B51F000}.Debug|x64.ActiveCfg = Debug|x64
		{D5D8BBD8-205D-496E-A9BD-A31F8B51F000}.Debug|x64.Build.0 = Debug|x64
		{D5D8BBD8-205D-496E-A9BD-A31F8B51F000}.Debug|x64.Deploy.0 = Debug|x64
		{D5D8BBD8-205D-496E-A9BD-A31F8B51F000}.Debug|x86.ActiveCfg = Debug|x86
		{D5D8BBD8-205D-496E-A9BD-A31F8B51F000}.Debug|x86.Build.0 = Debug|x86
		{D5D8BBD8-205D-496E-A9BD-A31F8B51F000}.Debug|x86.Deploy.0 = Debug|x86
		{D5D8BBD8-205D-496E-A9BD-A31F8B51F000}.Release|Any CPU.ActiveCfg = Release|x86
		{D5D8BBD8-205D-496E-A9BD-A31F8B51F000}.Release|Any CPU.Build.0 = Release|x86
		{D5D8BBD8-205D-496E-A9BD-A31F8B51F000}.Release|Any CPU.Deploy.0 = Release|x86
		{D5D8BBD8-205D-496E-A9BD-A31F8B51F000}.Release|ARM.ActiveCfg = Release|ARM
		{D5D8BBD8-205D-496E-A9BD-A31F8B51F000}.Release|ARM.Build.0 = Release|ARM
		{D5D8BBD8-205D-496E-A9BD-A31F8B51F000}.Release|ARM.Deploy.0 = Release|ARM
		{D5D8BBD8-205D-496E-A9BD-A31F8B51F000}.Release|iPhone.ActiveCfg = Release|x86
		{D5D8BBD8-205D-496E-A9BD-A31F8B51F000}.Release|iPhone.Build.0 = Release|x86
		{D5D8BBD8-205D-496E-A9BD-A31F8B51F000}.Release|iPhone.Deploy.0 = Release|x86
		{D5D8BBD8-205D-496E-A9BD-A31F8B51F000}.Release|iPhoneSimulator.ActiveCfg = Release|x86
		{D5D8BBD8-205D-496E-A9BD-A31F8B51F000}.Release|iPhoneSimulator.Build.0 = Release|x86
		{D5D8BBD8-205D-496E-A9BD-A31F8B51F000}.Release|iPhoneSimulator.Deploy.0 = Release|x86
		{D5D8BBD8-205D-496E-A9BD-A31F8B51F000}.Release|x64.ActiveCfg = Release|x64
		{D5D8BBD8-205D-496E-A9BD-A31F8B51F000}.Release|x64.Build.0 = Release|x64
		{D5D8BBD8-205D-496E-A9BD-A31F8B51F000}.Release|x64.Deploy.0 = Release|x64
		{D5D8BBD8-205D-496E-A9BD-A31F8B51F000}.Release|x86.ActiveCfg = Release|x86
		{D5D8BBD8-205D-496E-A9BD-A31F8B51F000}.Release|x86.Build.0 = Release|x86
		{D5D8BBD8-205D-496E-A9BD-A31F8B51F000}.Release|x86.Deploy.0 = Release|x86
	EndGlobalSection
	GlobalSection(SolutionProperties) = preSolution
		HideSolutionNode = FALSE
	EndGlobalSection
	GlobalSection(ExtensibilityGlobals) = postSolution
		SolutionGuid = {8E2A174B-7F36-4BA9-A4C1-B70DED1CC108}
	EndGlobalSection
EndGlobal
